
Microsoft Visual Studio Solution File, Format Version 12.00
# Visual Studio Version 17
VisualStudioVersion = 17.9.34723.18
MinimumVisualStudioVersion = 10.0.40219.1
Project("{9A19103F-16F7-4668-BE54-9A1E7A4F7556}") = "SpawnResetter", "src\SpawnResetter.csproj", "{CA90C9BC-4835-4A79-A996-4F9540B544BC}"
EndProject
Global
	GlobalSection(SolutionConfigurationPlatforms) = preSolution
		Debug|Any CPU = Debug|Any CPU
		Release|Any CPU = Release|Any CPU
	EndGlobalSection
	GlobalSection(ProjectConfigurationPlatforms) = postSolution
		{CA90C9BC-4835-4A79-A996-4F9540B544BC}.Debug|Any CPU.ActiveCfg = Debug|Any CPU
		{CA90C9BC-4835-4A79-A996-4F9540B544BC}.Debug|Any CPU.Build.0 = Debug|Any CPU
		{CA90C9BC-4835-4A79-A996-4F9540B544BC}.Release|Any CPU.ActiveCfg = Release|Any CPU
		{CA90C9BC-4835-4A79-A996-4F9540B544BC}.Release|Any CPU.Build.0 = Release|Any CPU
	EndGlobalSection
	GlobalSection(SolutionProperties) = preSolution
		HideSolutionNode = FALSE
	EndGlobalSection
	GlobalSection(ExtensibilityGlobals) = postSolution
		SolutionGuid = {D9790B9C-5C86-4EC0-90E3-846F2774136E}
	EndGlobalSection
EndGlobal
